
Microsoft Visual Studio Solution File, Format Version 12.00
# Visual Studio 15
VisualStudioVersion = 15.0.28307.779
MinimumVisualStudioVersion = 10.0.40219.1
Project("{FAE04EC0-301F-11D3-BF4B-00C04F79EFBC}") = "PruebaCarvajal", "PruebaCarvajal\PruebaCarvajal.csproj", "{7CD1BD8C-EE06-4D6A-8606-0861476114B0}"
EndProject
Project("{FAE04EC0-301F-11D3-BF4B-00C04F79EFBC}") = "ApiRest", "ApiRest\ApiRest.csproj", "{A13ECBB3-0424-4C71-A8F0-1BBDF1414D51}"
EndProject
Project("{FAE04EC0-301F-11D3-BF4B-00C04F79EFBC}") = "NUnitTestProject1", "NUnitTestProject1\NUnitTestProject1.csproj", "{22E71A6D-B7E4-4648-B8D7-2F258F7C7BD1}"
EndProject
Global
	GlobalSection(SolutionConfigurationPlatforms) = preSolution
		Debug|Any CPU = Debug|Any CPU
		Release|Any CPU = Release|Any CPU
	EndGlobalSection
	GlobalSection(ProjectConfigurationPlatforms) = postSolution
		{7CD1BD8C-EE06-4D6A-8606-0861476114B0}.Debug|Any CPU.ActiveCfg = Debug|Any CPU
		{7CD1BD8C-EE06-4D6A-8606-0861476114B0}.Debug|Any CPU.Build.0 = Debug|Any CPU
		{7CD1BD8C-EE06-4D6A-8606-0861476114B0}.Release|Any CPU.ActiveCfg = Release|Any CPU
		{7CD1BD8C-EE06-4D6A-8606-0861476114B0}.Release|Any CPU.Build.0 = Release|Any CPU
		{A13ECBB3-0424-4C71-A8F0-1BBDF1414D51}.Debug|Any CPU.ActiveCfg = Debug|Any CPU
		{A13ECBB3-0424-4C71-A8F0-1BBDF1414D51}.Debug|Any CPU.Build.0 = Debug|Any CPU
		{A13ECBB3-0424-4C71-A8F0-1BBDF1414D51}.Release|Any CPU.ActiveCfg = Release|Any CPU
		{A13ECBB3-0424-4C71-A8F0-1BBDF1414D51}.Release|Any CPU.Build.0 = Release|Any CPU
		{22E71A6D-B7E4-4648-B8D7-2F258F7C7BD1}.Debug|Any CPU.ActiveCfg = Debug|Any CPU
		{22E71A6D-B7E4-4648-B8D7-2F258F7C7BD1}.Debug|Any CPU.Build.0 = Debug|Any CPU
		{22E71A6D-B7E4-4648-B8D7-2F258F7C7BD1}.Release|Any CPU.ActiveCfg = Release|Any CPU
		{22E71A6D-B7E4-4648-B8D7-2F258F7C7BD1}.Release|Any CPU.Build.0 = Release|Any CPU
	EndGlobalSection
	GlobalSection(SolutionProperties) = preSolution
		HideSolutionNode = FALSE
	EndGlobalSection
	GlobalSection(ExtensibilityGlobals) = postSolution
		SolutionGuid = {8B6C80D4-BB52-4D2A-87DD-DD1580F0D080}
	EndGlobalSection
EndGlobal
